
Microsoft Visual Studio Solution File, Format Version 12.00
# Visual Studio Version 17
VisualStudioVersion = 17.5.002.0
MinimumVisualStudioVersion = 10.0.40219.1
Project("{9A19103F-16F7-4668-BE54-9A1E7A4F7556}") = "L0gg3r.Extensions.Logging", "src\L0gg3r.Extensions.Logging.csproj", "{29864922-6B5F-4E99-9379-F565D7CA1A18}"
EndProject
Project("{2150E333-8FDC-42A3-9474-1A3956D46DE8}") = "tests", "tests", "{471D3FC0-6AF6-4E7A-8977-CD0BB3A774A1}"
EndProject
Project("{2150E333-8FDC-42A3-9474-1A3956D46DE8}") = "LoggerFactoryTests", "LoggerFactoryTests", "{B1EECC68-C092-4D00-B7E9-50A24910985A}"
EndProject
Project("{FAE04EC0-301F-11D3-BF4B-00C04F79EFBC}") = "LoggerFactoryTests", "tests\LoggerFactoryTests\src\LoggerFactoryTests.csproj", "{757D81B1-DB5B-4596-B6FD-408738F20C5A}"
EndProject
Project("{2150E333-8FDC-42A3-9474-1A3956D46DE8}") = "ExtensionsLoggerTests", "ExtensionsLoggerTests", "{2FF3D364-BE3B-4759-86BF-0AF5FB7ABCA2}"
EndProject
Project("{FAE04EC0-301F-11D3-BF4B-00C04F79EFBC}") = "ExtensionsLoggerTests", "tests\ExtensionsLoggerTests\src\ExtensionsLoggerTests.csproj", "{B4904040-CD19-429C-BA62-12068B713C25}"
EndProject
Global
	GlobalSection(SolutionConfigurationPlatforms) = preSolution
		Debug|Any CPU = Debug|Any CPU
		Release|Any CPU = Release|Any CPU
	EndGlobalSection
	GlobalSection(ProjectConfigurationPlatforms) = postSolution
		{29864922-6B5F-4E99-9379-F565D7CA1A18}.Debug|Any CPU.ActiveCfg = Debug|Any CPU
		{29864922-6B5F-4E99-9379-F565D7CA1A18}.Debug|Any CPU.Build.0 = Debug|Any CPU
		{29864922-6B5F-4E99-9379-F565D7CA1A18}.Release|Any CPU.ActiveCfg = Release|Any CPU
		{29864922-6B5F-4E99-9379-F565D7CA1A18}.Release|Any CPU.Build.0 = Release|Any CPU
		{757D81B1-DB5B-4596-B6FD-408738F20C5A}.Debug|Any CPU.ActiveCfg = Debug|Any CPU
		{757D81B1-DB5B-4596-B6FD-408738F20C5A}.Debug|Any CPU.Build.0 = Debug|Any CPU
		{757D81B1-DB5B-4596-B6FD-408738F20C5A}.Release|Any CPU.ActiveCfg = Release|Any CPU
		{757D81B1-DB5B-4596-B6FD-408738F20C5A}.Release|Any CPU.Build.0 = Release|Any CPU
		{B4904040-CD19-429C-BA62-12068B713C25}.Debug|Any CPU.ActiveCfg = Debug|Any CPU
		{B4904040-CD19-429C-BA62-12068B713C25}.Debug|Any CPU.Build.0 = Debug|Any CPU
		{B4904040-CD19-429C-BA62-12068B713C25}.Release|Any CPU.ActiveCfg = Release|Any CPU
		{B4904040-CD19-429C-BA62-12068B713C25}.Release|Any CPU.Build.0 = Release|Any CPU
	EndGlobalSection
	GlobalSection(SolutionProperties) = preSolution
		HideSolutionNode = FALSE
	EndGlobalSection
	GlobalSection(NestedProjects) = preSolution
		{B1EECC68-C092-4D00-B7E9-50A24910985A} = {471D3FC0-6AF6-4E7A-8977-CD0BB3A774A1}
		{757D81B1-DB5B-4596-B6FD-408738F20C5A} = {B1EECC68-C092-4D00-B7E9-50A24910985A}
		{2FF3D364-BE3B-4759-86BF-0AF5FB7ABCA2} = {471D3FC0-6AF6-4E7A-8977-CD0BB3A774A1}
		{B4904040-CD19-429C-BA62-12068B713C25} = {2FF3D364-BE3B-4759-86BF-0AF5FB7ABCA2}
	EndGlobalSection
	GlobalSection(ExtensibilityGlobals) = postSolution
		SolutionGuid = {218D61A3-57F2-4847-B54B-03C6DE69FD49}
	EndGlobalSection
EndGlobal
